
Microsoft Visual Studio Solution File, Format Version 12.00
# Visual Studio Version 16
VisualStudioVersion = 16.0.31829.152
MinimumVisualStudioVersion = 10.0.40219.1
Project("{FAE04EC0-301F-11D3-BF4B-00C04F79EFBC}") = "Delegate_20_2", "Delegate_20_2\Delegate_20_2.csproj", "{819CBA7B-AE63-46CC-A018-10A51DC46A7E}"
EndProject
Global
	GlobalSection(SolutionConfigurationPlatforms) = preSolution
		Debug|Any CPU = Debug|Any CPU
		Release|Any CPU = Release|Any CPU
	EndGlobalSection
	GlobalSection(ProjectConfigurationPlatforms) = postSolution
		{819CBA7B-AE63-46CC-A018-10A51DC46A7E}.Debug|Any CPU.ActiveCfg = Debug|Any CPU
		{819CBA7B-AE63-46CC-A018-10A51DC46A7E}.Debug|Any CPU.Build.0 = Debug|Any CPU
		{819CBA7B-AE63-46CC-A018-10A51DC46A7E}.Release|Any CPU.ActiveCfg = Release|Any CPU
		{819CBA7B-AE63-46CC-A018-10A51DC46A7E}.Release|Any CPU.Build.0 = Release|Any CPU
	EndGlobalSection
	GlobalSection(SolutionProperties) = preSolution
		HideSolutionNode = FALSE
	EndGlobalSection
	GlobalSection(ExtensibilityGlobals) = postSolution
		SolutionGuid = {609DFDAA-4064-4310-9DC7-405B5BD30194}
	EndGlobalSection
EndGlobal
