
Microsoft Visual Studio Solution File, Format Version 12.00
# Visual Studio Version 16
VisualStudioVersion = 16.0.31829.152
MinimumVisualStudioVersion = 10.0.40219.1
Project("{FAE04EC0-301F-11D3-BF4B-00C04F79EFBC}") = "TPL_22_2", "TPL_22_2\TPL_22_2.csproj", "{12C11C1F-D7EB-43D4-9B48-E381D119996D}"
EndProject
Global
	GlobalSection(SolutionConfigurationPlatforms) = preSolution
		Debug|Any CPU = Debug|Any CPU
		Release|Any CPU = Release|Any CPU
	EndGlobalSection
	GlobalSection(ProjectConfigurationPlatforms) = postSolution
		{12C11C1F-D7EB-43D4-9B48-E381D119996D}.Debug|Any CPU.ActiveCfg = Debug|Any CPU
		{12C11C1F-D7EB-43D4-9B48-E381D119996D}.Debug|Any CPU.Build.0 = Debug|Any CPU
		{12C11C1F-D7EB-43D4-9B48-E381D119996D}.Release|Any CPU.ActiveCfg = Release|Any CPU
		{12C11C1F-D7EB-43D4-9B48-E381D119996D}.Release|Any CPU.Build.0 = Release|Any CPU
	EndGlobalSection
	GlobalSection(SolutionProperties) = preSolution
		HideSolutionNode = FALSE
	EndGlobalSection
	GlobalSection(ExtensibilityGlobals) = postSolution
		SolutionGuid = {2DEB6348-AB5A-4D0C-9D46-5CA8F92B57B4}
	EndGlobalSection
EndGlobal
