
Microsoft Visual Studio Solution File, Format Version 12.00
# Visual Studio Version 17
VisualStudioVersion = 17.0.31903.59
MinimumVisualStudioVersion = 10.0.40219.1
Project("{FAE04EC0-301F-11D3-BF4B-00C04F79EFBC}") = "JSON_16_2", "JSON_16_2\JSON_16_2.csproj", "{F5CDFAE0-F9C7-4E27-9F8C-403ED91F7DE4}"
EndProject
Project("{FAE04EC0-301F-11D3-BF4B-00C04F79EFBC}") = "JSON_16_2_2", "JSON_16_2_2\JSON_16_2_2.csproj", "{B8E0228B-7AAB-4825-A429-AA821924CC06}"
EndProject
Global
	GlobalSection(SolutionConfigurationPlatforms) = preSolution
		Debug|Any CPU = Debug|Any CPU
		Release|Any CPU = Release|Any CPU
	EndGlobalSection
	GlobalSection(ProjectConfigurationPlatforms) = postSolution
		{F5CDFAE0-F9C7-4E27-9F8C-403ED91F7DE4}.Debug|Any CPU.ActiveCfg = Debug|Any CPU
		{F5CDFAE0-F9C7-4E27-9F8C-403ED91F7DE4}.Debug|Any CPU.Build.0 = Debug|Any CPU
		{F5CDFAE0-F9C7-4E27-9F8C-403ED91F7DE4}.Release|Any CPU.ActiveCfg = Release|Any CPU
		{F5CDFAE0-F9C7-4E27-9F8C-403ED91F7DE4}.Release|Any CPU.Build.0 = Release|Any CPU
		{B8E0228B-7AAB-4825-A429-AA821924CC06}.Debug|Any CPU.ActiveCfg = Debug|Any CPU
		{B8E0228B-7AAB-4825-A429-AA821924CC06}.Debug|Any CPU.Build.0 = Debug|Any CPU
		{B8E0228B-7AAB-4825-A429-AA821924CC06}.Release|Any CPU.ActiveCfg = Release|Any CPU
		{B8E0228B-7AAB-4825-A429-AA821924CC06}.Release|Any CPU.Build.0 = Release|Any CPU
	EndGlobalSection
	GlobalSection(SolutionProperties) = preSolution
		HideSolutionNode = FALSE
	EndGlobalSection
	GlobalSection(ExtensibilityGlobals) = postSolution
		SolutionGuid = {7E646522-1912-47FD-B989-27C612CC842B}
	EndGlobalSection
EndGlobal
