
Microsoft Visual Studio Solution File, Format Version 12.00
# Visual Studio Version 16
VisualStudioVersion = 16.0.31829.152
MinimumVisualStudioVersion = 10.0.40219.1
Project("{FAE04EC0-301F-11D3-BF4B-00C04F79EFBC}") = "Array 5_2_1", "Array 5_2\Array 5_2_1.csproj", "{3D851F51-E498-4576-A3CA-FD81BF3DF19F}"
EndProject
Project("{FAE04EC0-301F-11D3-BF4B-00C04F79EFBC}") = "Array 5_2_5", "Array 5_2_5\Array 5_2_5\Array 5_2_5.csproj", "{60ABD4D7-05E2-4C71-922D-C2266432BF29}"
EndProject
Project("{FAE04EC0-301F-11D3-BF4B-00C04F79EFBC}") = "Array 5_2_2", "Array 5_2_2\Array 5_2_2.csproj", "{C5A585B0-8C7C-4709-AE32-5D77E80B70F5}"
EndProject
Project("{FAE04EC0-301F-11D3-BF4B-00C04F79EFBC}") = "Array 5_2_3", "Array 5_2_3\Array 5_2_3.csproj", "{45EA4020-4B2C-480C-BDA4-7379195E2502}"
EndProject
Project("{FAE04EC0-301F-11D3-BF4B-00C04F79EFBC}") = "Array 5_2_4", "Array_5_2_4\Array 5_2_4.csproj", "{A8426F5B-61AE-4941-ADF2-382DB599AFF6}"
EndProject
Project("{FAE04EC0-301F-11D3-BF4B-00C04F79EFBC}") = "Array 5_2_6", "Array 5_2_6\Array 5_2_6.csproj", "{CA45737B-EDFE-43F9-BD38-F35720A91BDE}"
EndProject
Global
	GlobalSection(SolutionConfigurationPlatforms) = preSolution
		Debug|Any CPU = Debug|Any CPU
		Release|Any CPU = Release|Any CPU
	EndGlobalSection
	GlobalSection(ProjectConfigurationPlatforms) = postSolution
		{3D851F51-E498-4576-A3CA-FD81BF3DF19F}.Debug|Any CPU.ActiveCfg = Debug|Any CPU
		{3D851F51-E498-4576-A3CA-FD81BF3DF19F}.Debug|Any CPU.Build.0 = Debug|Any CPU
		{3D851F51-E498-4576-A3CA-FD81BF3DF19F}.Release|Any CPU.ActiveCfg = Release|Any CPU
		{3D851F51-E498-4576-A3CA-FD81BF3DF19F}.Release|Any CPU.Build.0 = Release|Any CPU
		{60ABD4D7-05E2-4C71-922D-C2266432BF29}.Debug|Any CPU.ActiveCfg = Debug|Any CPU
		{60ABD4D7-05E2-4C71-922D-C2266432BF29}.Debug|Any CPU.Build.0 = Debug|Any CPU
		{60ABD4D7-05E2-4C71-922D-C2266432BF29}.Release|Any CPU.ActiveCfg = Release|Any CPU
		{60ABD4D7-05E2-4C71-922D-C2266432BF29}.Release|Any CPU.Build.0 = Release|Any CPU
		{C5A585B0-8C7C-4709-AE32-5D77E80B70F5}.Debug|Any CPU.ActiveCfg = Debug|Any CPU
		{C5A585B0-8C7C-4709-AE32-5D77E80B70F5}.Debug|Any CPU.Build.0 = Debug|Any CPU
		{C5A585B0-8C7C-4709-AE32-5D77E80B70F5}.Release|Any CPU.ActiveCfg = Release|Any CPU
		{C5A585B0-8C7C-4709-AE32-5D77E80B70F5}.Release|Any CPU.Build.0 = Release|Any CPU
		{45EA4020-4B2C-480C-BDA4-7379195E2502}.Debug|Any CPU.ActiveCfg = Debug|Any CPU
		{45EA4020-4B2C-480C-BDA4-7379195E2502}.Debug|Any CPU.Build.0 = Debug|Any CPU
		{45EA4020-4B2C-480C-BDA4-7379195E2502}.Release|Any CPU.ActiveCfg = Release|Any CPU
		{45EA4020-4B2C-480C-BDA4-7379195E2502}.Release|Any CPU.Build.0 = Release|Any CPU
		{A8426F5B-61AE-4941-ADF2-382DB599AFF6}.Debug|Any CPU.ActiveCfg = Debug|Any CPU
		{A8426F5B-61AE-4941-ADF2-382DB599AFF6}.Debug|Any CPU.Build.0 = Debug|Any CPU
		{A8426F5B-61AE-4941-ADF2-382DB599AFF6}.Release|Any CPU.ActiveCfg = Release|Any CPU
		{A8426F5B-61AE-4941-ADF2-382DB599AFF6}.Release|Any CPU.Build.0 = Release|Any CPU
		{CA45737B-EDFE-43F9-BD38-F35720A91BDE}.Debug|Any CPU.ActiveCfg = Debug|Any CPU
		{CA45737B-EDFE-43F9-BD38-F35720A91BDE}.Debug|Any CPU.Build.0 = Debug|Any CPU
		{CA45737B-EDFE-43F9-BD38-F35720A91BDE}.Release|Any CPU.ActiveCfg = Release|Any CPU
		{CA45737B-EDFE-43F9-BD38-F35720A91BDE}.Release|Any CPU.Build.0 = Release|Any CPU
	EndGlobalSection
	GlobalSection(SolutionProperties) = preSolution
		HideSolutionNode = FALSE
	EndGlobalSection
	GlobalSection(ExtensibilityGlobals) = postSolution
		SolutionGuid = {46300D0B-1B09-4CC8-80E7-EB8371048AD3}
	EndGlobalSection
EndGlobal
