
Microsoft Visual Studio Solution File, Format Version 12.00
# Visual Studio Version 17
VisualStudioVersion = 17.0.31903.59
MinimumVisualStudioVersion = 10.0.40219.1
Project("{FAE04EC0-301F-11D3-BF4B-00C04F79EFBC}") = "Static_12_2_1", "Static_12_2_1\Static_12_2_1.csproj", "{829D0AE1-553D-4142-B1EB-2D72036D8A2C}"
EndProject
Global
	GlobalSection(SolutionConfigurationPlatforms) = preSolution
		Debug|Any CPU = Debug|Any CPU
		Release|Any CPU = Release|Any CPU
	EndGlobalSection
	GlobalSection(ProjectConfigurationPlatforms) = postSolution
		{829D0AE1-553D-4142-B1EB-2D72036D8A2C}.Debug|Any CPU.ActiveCfg = Debug|Any CPU
		{829D0AE1-553D-4142-B1EB-2D72036D8A2C}.Debug|Any CPU.Build.0 = Debug|Any CPU
		{829D0AE1-553D-4142-B1EB-2D72036D8A2C}.Release|Any CPU.ActiveCfg = Release|Any CPU
		{829D0AE1-553D-4142-B1EB-2D72036D8A2C}.Release|Any CPU.Build.0 = Release|Any CPU
	EndGlobalSection
	GlobalSection(SolutionProperties) = preSolution
		HideSolutionNode = FALSE
	EndGlobalSection
	GlobalSection(ExtensibilityGlobals) = postSolution
		SolutionGuid = {84B2C5BD-EC0F-41B9-BC1A-C672E33188DC}
	EndGlobalSection
EndGlobal
